
Microsoft Visual Studio Solution File, Format Version 12.00
# Visual Studio Version 16
VisualStudioVersion = 16.0.30011.22
MinimumVisualStudioVersion = 10.0.40219.1
Project("{9A19103F-16F7-4668-BE54-9A1E7A4F7556}") = "TraefikExample", "TraefikExample.csproj", "{29BE50E1-4FE7-4561-A66C-902CF34D46CD}"
EndProject
Project("{E53339B2-1760-4266-BCC7-CA923CBCF16C}") = "docker-compose", "docker-compose.dcproj", "{5BEB3AAB-A872-4742-9789-80966F3E8315}"
EndProject
Global
	GlobalSection(SolutionConfigurationPlatforms) = preSolution
		Debug|Any CPU = Debug|Any CPU
		Release|Any CPU = Release|Any CPU
	EndGlobalSection
	GlobalSection(ProjectConfigurationPlatforms) = postSolution
		{29BE50E1-4FE7-4561-A66C-902CF34D46CD}.Debug|Any CPU.ActiveCfg = Debug|Any CPU
		{29BE50E1-4FE7-4561-A66C-902CF34D46CD}.Debug|Any CPU.Build.0 = Debug|Any CPU
		{29BE50E1-4FE7-4561-A66C-902CF34D46CD}.Release|Any CPU.ActiveCfg = Release|Any CPU
		{29BE50E1-4FE7-4561-A66C-902CF34D46CD}.Release|Any CPU.Build.0 = Release|Any CPU
		{5BEB3AAB-A872-4742-9789-80966F3E8315}.Debug|Any CPU.ActiveCfg = Debug|Any CPU
		{5BEB3AAB-A872-4742-9789-80966F3E8315}.Debug|Any CPU.Build.0 = Debug|Any CPU
		{5BEB3AAB-A872-4742-9789-80966F3E8315}.Release|Any CPU.ActiveCfg = Release|Any CPU
		{5BEB3AAB-A872-4742-9789-80966F3E8315}.Release|Any CPU.Build.0 = Release|Any CPU
	EndGlobalSection
	GlobalSection(SolutionProperties) = preSolution
		HideSolutionNode = FALSE
	EndGlobalSection
	GlobalSection(ExtensibilityGlobals) = postSolution
		SolutionGuid = {21E4B2AC-EC32-4DB5-9582-CF3AD418920F}
	EndGlobalSection
EndGlobal
